
Microsoft Visual Studio Solution File, Format Version 12.00
# Visual Studio 2013
VisualStudioVersion = 12.0.40629.0
MinimumVisualStudioVersion = 10.0.40219.1
Project("{FAE04EC0-301F-11D3-BF4B-00C04F79EFBC}") = "SqlToMdxWinform", "SqlToMdxWinform\SqlToMdxWinform.csproj", "{99478918-BC44-43EE-896C-02F345BE2226}"
EndProject
Project("{FAE04EC0-301F-11D3-BF4B-00C04F79EFBC}") = "SqlToMdxLib", "SqlToMdxLib\SqlToMdxLib.csproj", "{4C054821-EA97-4ED7-ADC8-3D41E6600458}"
EndProject
Project("{FAE04EC0-301F-11D3-BF4B-00C04F79EFBC}") = "UsersLineManageService", "UsersLineManageService\UsersLineManageService.csproj", "{8514C12C-AAFE-4F1A-95B3-A6BA46592AD9}"
EndProject
Global
	GlobalSection(SolutionConfigurationPlatforms) = preSolution
		Debug|Any CPU = Debug|Any CPU
		Release|Any CPU = Release|Any CPU
	EndGlobalSection
	GlobalSection(ProjectConfigurationPlatforms) = postSolution
		{99478918-BC44-43EE-896C-02F345BE2226}.Debug|Any CPU.ActiveCfg = Debug|Any CPU
		{99478918-BC44-43EE-896C-02F345BE2226}.Debug|Any CPU.Build.0 = Debug|Any CPU
		{99478918-BC44-43EE-896C-02F345BE2226}.Release|Any CPU.ActiveCfg = Release|Any CPU
		{99478918-BC44-43EE-896C-02F345BE2226}.Release|Any CPU.Build.0 = Release|Any CPU
		{4C054821-EA97-4ED7-ADC8-3D41E6600458}.Debug|Any CPU.ActiveCfg = Debug|Any CPU
		{4C054821-EA97-4ED7-ADC8-3D41E6600458}.Debug|Any CPU.Build.0 = Debug|Any CPU
		{4C054821-EA97-4ED7-ADC8-3D41E6600458}.Release|Any CPU.ActiveCfg = Release|Any CPU
		{4C054821-EA97-4ED7-ADC8-3D41E6600458}.Release|Any CPU.Build.0 = Release|Any CPU
		{8514C12C-AAFE-4F1A-95B3-A6BA46592AD9}.Debug|Any CPU.ActiveCfg = Debug|Any CPU
		{8514C12C-AAFE-4F1A-95B3-A6BA46592AD9}.Debug|Any CPU.Build.0 = Debug|Any CPU
		{8514C12C-AAFE-4F1A-95B3-A6BA46592AD9}.Release|Any CPU.ActiveCfg = Release|Any CPU
		{8514C12C-AAFE-4F1A-95B3-A6BA46592AD9}.Release|Any CPU.Build.0 = Release|Any CPU
	EndGlobalSection
	GlobalSection(SolutionProperties) = preSolution
		HideSolutionNode = FALSE
	EndGlobalSection
EndGlobal
